<?xml version="1.0" encoding="utf-8"?>
<Project ToolsVersion="4.0" xmlns="http://schemas.microsoft.com/developer/msbuild/2003">
  <ItemGroup>
    <ClCompile Include="AIManager.cpp" />
    <ClCompile Include="DrawableGameObject.cpp" />
    <ClCompile Include="main.cpp" />
    <ClCompile Include="PickupItem.cpp" />
    <ClCompile Include="Vehicle.cpp" />
    <ClCompile Include="Waypoint.cpp" />
    <ClCompile Include="DDSTextureLoader.cpp">
      <Filter>Core</Filter>
    </ClCompile>
    <ClCompile Include="Background.cpp">
      <Filter>Core</Filter>
    </ClCompile>
    <ClCompile Include="Pathfinder.cpp">
      <Filter>A%2a Pathfinding</Filter>
    </ClCompile>
    <ClCompile Include="TrackConverter.cpp">
      <Filter>A%2a Pathfinding</Filter>
    </ClCompile>
    <ClCompile Include="Track.cpp">
      <Filter>A%2a Pathfinding</Filter>
    </ClCompile>
    <ClCompile Include="TrackReader.cpp">
      <Filter>A%2a Pathfinding</Filter>
    </ClCompile>
    <ClCompile Include="Imgui\imgui.cpp">
      <Filter>ImGUI</Filter>
    </ClCompile>
    <ClCompile Include="Imgui\imgui_demo.cpp">
      <Filter>ImGUI</Filter>
    </ClCompile>
    <ClCompile Include="Imgui\imgui_draw.cpp">
      <Filter>ImGUI</Filter>
    </ClCompile>
    <ClCompile Include="Imgui\imgui_impl_dx11.cpp">
      <Filter>ImGUI</Filter>
    </ClCompile>
    <ClCompile Include="Imgui\imgui_impl_win32.cpp">
      <Filter>ImGUI</Filter>
    </ClCompile>
    <ClCompile Include="Imgui\imgui_widgets.cpp">
      <Filter>ImGUI</Filter>
    </ClCompile>
    <ClCompile Include="ImGUIManager.cpp" />
    <ClCompile Include="Steering.cpp" />
    <ClCompile Include="FSMManager.cpp">
      <Filter>FSM</Filter>
    </ClCompile>
    <ClCompile Include="State.cpp">
      <Filter>FSM</Filter>
    </ClCompile>
    <ClCompile Include="VehicleFSM.cpp" />
  </ItemGroup>
  <ItemGroup>
    <ClInclude Include="AIManager.h" />
    <ClInclude Include="DrawableGameObject.h" />
    <ClInclude Include="main.h" />
    <ClInclude Include="PickupItem.h" />
    <ClInclude Include="structures.h" />
    <ClInclude Include="Vector2D.h" />
    <ClInclude Include="Vehicle.h" />
    <ClInclude Include="Waypoint.h" />
    <ClInclude Include="DDSTextureLoader.h">
      <Filter>Core</Filter>
    </ClInclude>
    <ClInclude Include="Background.h">
      <Filter>Core</Filter>
    </ClInclude>
    <CLInclude Include="resource.h">
      <Filter>Core</Filter>
    </CLInclude>
    <ClInclude Include="Node.h">
      <Filter>A%2a Pathfinding</Filter>
    </ClInclude>
    <ClInclude Include="Pathfinder.h">
      <Filter>A%2a Pathfinding</Filter>
    </ClInclude>
    <ClInclude Include="TrackConverter.h">
      <Filter>A%2a Pathfinding</Filter>
    </ClInclude>
    <ClInclude Include="Track.h">
      <Filter>A%2a Pathfinding</Filter>
    </ClInclude>
    <ClInclude Include="TrackReader.h">
      <Filter>A%2a Pathfinding</Filter>
    </ClInclude>
    <ClInclude Include="Imgui\imconfig.h">
      <Filter>ImGUI</Filter>
    </ClInclude>
    <ClInclude Include="Imgui\imgui.h">
      <Filter>ImGUI</Filter>
    </ClInclude>
    <ClInclude Include="Imgui\imgui_impl_dx11.h">
      <Filter>ImGUI</Filter>
    </ClInclude>
    <ClInclude Include="Imgui\imgui_impl_win32.h">
      <Filter>ImGUI</Filter>
    </ClInclude>
    <ClInclude Include="Imgui\imgui_internal.h">
      <Filter>ImGUI</Filter>
    </ClInclude>
    <ClInclude Include="Imgui\imstb_rectpack.h">
      <Filter>ImGUI</Filter>
    </ClInclude>
    <ClInclude Include="Imgui\imstb_textedit.h">
      <Filter>ImGUI</Filter>
    </ClInclude>
    <ClInclude Include="Imgui\imstb_truetype.h">
      <Filter>ImGUI</Filter>
    </ClInclude>
    <ClInclude Include="ImGUIManager.h" />
    <ClInclude Include="Steering.h" />
    <ClInclude Include="FSMManager.h">
      <Filter>FSM</Filter>
    </ClInclude>
    <ClInclude Include="State.h">
      <Filter>FSM</Filter>
    </ClInclude>
    <ClInclude Include="PathfindingState.h">
      <Filter>FSM\States</Filter>
    </ClInclude>
    <ClInclude Include="VehicleFSM.h" />
    <ClInclude Include="SteeringState.h">
      <Filter>FSM\States</Filter>
    </ClInclude>
    <ClInclude Include="Entity.h">
      <Filter>ObserverPattern</Filter>
    </ClInclude>
    <ClInclude Include="Event.h">
      <Filter>ObserverPattern</Filter>
    </ClInclude>
    <ClInclude Include="Observer.h">
      <Filter>ObserverPattern</Filter>
    </ClInclude>
    <ClInclude Include="Subject.h">
      <Filter>ObserverPattern</Filter>
    </ClInclude>
  </ItemGroup>
  <ItemGroup>
    <Image Include="Resources\blue.dds">
      <Filter>Assets</Filter>
    </Image>
    <Image Include="Resources\car_blue.dds">
      <Filter>Assets</Filter>
    </Image>
    <Image Include="Resources\floor.dds">
      <Filter>Assets</Filter>
    </Image>
    <Image Include="Resources\green.dds">
      <Filter>Assets</Filter>
    </Image>
    <Image Include="Resources\pickup.dds">
      <Filter>Assets</Filter>
    </Image>
    <Image Include="Resources\red.dds">
      <Filter>Assets</Filter>
    </Image>
    <Image Include="Resources\stone.dds">
      <Filter>Assets</Filter>
    </Image>
    <Image Include="Resources\track.dds">
      <Filter>Assets</Filter>
    </Image>
    <Image Include="Resources\yellow.dds">
      <Filter>Assets</Filter>
    </Image>
    <Image Include="Resources\car_red.dds">
      <Filter>Assets</Filter>
    </Image>
  </ItemGroup>
  <ItemGroup>
    <Filter Include="Assets">
      <UniqueIdentifier>{d76346de-be36-4e73-9e20-c041620ff0d1}</UniqueIdentifier>
    </Filter>
    <Filter Include="Core">
      <UniqueIdentifier>{c721d74b-61d3-4ae0-9d17-be739d070a1c}</UniqueIdentifier>
    </Filter>
    <Filter Include="A%2a Pathfinding">
      <UniqueIdentifier>{10cefddf-ec78-4ea2-81b5-0b3c3e0916df}</UniqueIdentifier>
    </Filter>
    <Filter Include="ImGUI">
      <UniqueIdentifier>{0aa7ead7-d48a-4b12-9c96-b1a6e51cdc47}</UniqueIdentifier>
    </Filter>
    <Filter Include="FSM">
      <UniqueIdentifier>{27b61ebf-f1a7-43f0-acd5-9fe6470dc4fb}</UniqueIdentifier>
    </Filter>
    <Filter Include="FSM\States">
      <UniqueIdentifier>{7ce41f8c-eabb-4c0c-a28b-c702973aa36d}</UniqueIdentifier>
    </Filter>
    <Filter Include="ObserverPattern">
      <UniqueIdentifier>{c4a4bc38-e69c-4522-a114-15247dc3eaee}</UniqueIdentifier>
    </Filter>
  </ItemGroup>
  <ItemGroup>
    <FxCompile Include="shader.fx">
      <Filter>Assets</Filter>
    </FxCompile>
  </ItemGroup>
  <ItemGroup>
    <ResourceCompile Include="AIFramework.rc">
      <Filter>Core</Filter>
    </ResourceCompile>
  </ItemGroup>
</Project>